
Microsoft Visual Studio Solution File, Format Version 12.00
# Visual Studio Version 16
VisualStudioVersion = 16.0.29709.97
MinimumVisualStudioVersion = 10.0.40219.1
Project("{9A19103F-16F7-4668-BE54-9A1E7A4F7556}") = "Task_1", "Task_1\Task_1.csproj", "{E26DDFCB-1E7A-4C4A-8761-2E17F6645E30}"
EndProject
Project("{9A19103F-16F7-4668-BE54-9A1E7A4F7556}") = "Task_2", "Task_2\Task_2.csproj", "{A55CAFE0-BB67-467C-A13A-610D157DCA16}"
EndProject
Project("{9A19103F-16F7-4668-BE54-9A1E7A4F7556}") = "Task_3", "Task_3\Task_3.csproj", "{2AF11D28-ED58-4344-BFBB-B4C110537E0D}"
EndProject
Project("{9A19103F-16F7-4668-BE54-9A1E7A4F7556}") = "Task_4", "Task_4\Task_4.csproj", "{20FC6FC7-E28D-4820-8DC7-F542290950C0}"
EndProject
Project("{9A19103F-16F7-4668-BE54-9A1E7A4F7556}") = "Task_5", "Task_5\Task_5.csproj", "{F1776301-AE71-4E25-B3B5-642027AB088D}"
EndProject
Project("{9A19103F-16F7-4668-BE54-9A1E7A4F7556}") = "Task_6", "Task_6\Task_6.csproj", "{A4E39007-BCE1-47CA-8C53-DB2C373C179B}"
EndProject
Project("{9A19103F-16F7-4668-BE54-9A1E7A4F7556}") = "Task_7", "Task_7\Task_7.csproj", "{B59FE021-BAA4-41D2-A502-21FBEA32E2DD}"
EndProject
Project("{9A19103F-16F7-4668-BE54-9A1E7A4F7556}") = "Task_8", "Task_8\Task_8.csproj", "{FCD6DEDC-67D6-4E62-89F9-C126ADE11BD3}"
EndProject
Project("{9A19103F-16F7-4668-BE54-9A1E7A4F7556}") = "Task_9", "Task_9\Task_9.csproj", "{5A761357-FBE9-442E-9971-3E67A3496F93}"
EndProject
Project("{FAE04EC0-301F-11D3-BF4B-00C04F79EFBC}") = "Task_10", "Task_10\Task_10.csproj", "{34A030E1-AA28-462B-BEBC-38E9C5998652}"
EndProject
Global
	GlobalSection(SolutionConfigurationPlatforms) = preSolution
		Debug|Any CPU = Debug|Any CPU
		Release|Any CPU = Release|Any CPU
	EndGlobalSection
	GlobalSection(ProjectConfigurationPlatforms) = postSolution
		{E26DDFCB-1E7A-4C4A-8761-2E17F6645E30}.Debug|Any CPU.ActiveCfg = Debug|Any CPU
		{E26DDFCB-1E7A-4C4A-8761-2E17F6645E30}.Debug|Any CPU.Build.0 = Debug|Any CPU
		{E26DDFCB-1E7A-4C4A-8761-2E17F6645E30}.Release|Any CPU.ActiveCfg = Release|Any CPU
		{E26DDFCB-1E7A-4C4A-8761-2E17F6645E30}.Release|Any CPU.Build.0 = Release|Any CPU
		{A55CAFE0-BB67-467C-A13A-610D157DCA16}.Debug|Any CPU.ActiveCfg = Debug|Any CPU
		{A55CAFE0-BB67-467C-A13A-610D157DCA16}.Debug|Any CPU.Build.0 = Debug|Any CPU
		{A55CAFE0-BB67-467C-A13A-610D157DCA16}.Release|Any CPU.ActiveCfg = Release|Any CPU
		{A55CAFE0-BB67-467C-A13A-610D157DCA16}.Release|Any CPU.Build.0 = Release|Any CPU
		{2AF11D28-ED58-4344-BFBB-B4C110537E0D}.Debug|Any CPU.ActiveCfg = Debug|Any CPU
		{2AF11D28-ED58-4344-BFBB-B4C110537E0D}.Debug|Any CPU.Build.0 = Debug|Any CPU
		{2AF11D28-ED58-4344-BFBB-B4C110537E0D}.Release|Any CPU.ActiveCfg = Release|Any CPU
		{2AF11D28-ED58-4344-BFBB-B4C110537E0D}.Release|Any CPU.Build.0 = Release|Any CPU
		{20FC6FC7-E28D-4820-8DC7-F542290950C0}.Debug|Any CPU.ActiveCfg = Debug|Any CPU
		{20FC6FC7-E28D-4820-8DC7-F542290950C0}.Debug|Any CPU.Build.0 = Debug|Any CPU
		{20FC6FC7-E28D-4820-8DC7-F542290950C0}.Release|Any CPU.ActiveCfg = Release|Any CPU
		{20FC6FC7-E28D-4820-8DC7-F542290950C0}.Release|Any CPU.Build.0 = Release|Any CPU
		{F1776301-AE71-4E25-B3B5-642027AB088D}.Debug|Any CPU.ActiveCfg = Debug|Any CPU
		{F1776301-AE71-4E25-B3B5-642027AB088D}.Debug|Any CPU.Build.0 = Debug|Any CPU
		{F1776301-AE71-4E25-B3B5-642027AB088D}.Release|Any CPU.ActiveCfg = Release|Any CPU
		{F1776301-AE71-4E25-B3B5-642027AB088D}.Release|Any CPU.Build.0 = Release|Any CPU
		{A4E39007-BCE1-47CA-8C53-DB2C373C179B}.Debug|Any CPU.ActiveCfg = Debug|Any CPU
		{A4E39007-BCE1-47CA-8C53-DB2C373C179B}.Debug|Any CPU.Build.0 = Debug|Any CPU
		{A4E39007-BCE1-47CA-8C53-DB2C373C179B}.Release|Any CPU.ActiveCfg = Release|Any CPU
		{A4E39007-BCE1-47CA-8C53-DB2C373C179B}.Release|Any CPU.Build.0 = Release|Any CPU
		{B59FE021-BAA4-41D2-A502-21FBEA32E2DD}.Debug|Any CPU.ActiveCfg = Debug|Any CPU
		{B59FE021-BAA4-41D2-A502-21FBEA32E2DD}.Debug|Any CPU.Build.0 = Debug|Any CPU
		{B59FE021-BAA4-41D2-A502-21FBEA32E2DD}.Release|Any CPU.ActiveCfg = Release|Any CPU
		{B59FE021-BAA4-41D2-A502-21FBEA32E2DD}.Release|Any CPU.Build.0 = Release|Any CPU
		{FCD6DEDC-67D6-4E62-89F9-C126ADE11BD3}.Debug|Any CPU.ActiveCfg = Debug|Any CPU
		{FCD6DEDC-67D6-4E62-89F9-C126ADE11BD3}.Debug|Any CPU.Build.0 = Debug|Any CPU
		{FCD6DEDC-67D6-4E62-89F9-C126ADE11BD3}.Release|Any CPU.ActiveCfg = Release|Any CPU
		{FCD6DEDC-67D6-4E62-89F9-C126ADE11BD3}.Release|Any CPU.Build.0 = Release|Any CPU
		{5A761357-FBE9-442E-9971-3E67A3496F93}.Debug|Any CPU.ActiveCfg = Debug|Any CPU
		{5A761357-FBE9-442E-9971-3E67A3496F93}.Debug|Any CPU.Build.0 = Debug|Any CPU
		{5A761357-FBE9-442E-9971-3E67A3496F93}.Release|Any CPU.ActiveCfg = Release|Any CPU
		{5A761357-FBE9-442E-9971-3E67A3496F93}.Release|Any CPU.Build.0 = Release|Any CPU
		{34A030E1-AA28-462B-BEBC-38E9C5998652}.Debug|Any CPU.ActiveCfg = Debug|Any CPU
		{34A030E1-AA28-462B-BEBC-38E9C5998652}.Debug|Any CPU.Build.0 = Debug|Any CPU
		{34A030E1-AA28-462B-BEBC-38E9C5998652}.Release|Any CPU.ActiveCfg = Release|Any CPU
		{34A030E1-AA28-462B-BEBC-38E9C5998652}.Release|Any CPU.Build.0 = Release|Any CPU
	EndGlobalSection
	GlobalSection(SolutionProperties) = preSolution
		HideSolutionNode = FALSE
	EndGlobalSection
	GlobalSection(ExtensibilityGlobals) = postSolution
		SolutionGuid = {0C32A75A-17A6-4F67-B275-A9467BEF40D9}
	EndGlobalSection
EndGlobal
