
Microsoft Visual Studio Solution File, Format Version 12.00
# Visual Studio Version 16
VisualStudioVersion = 16.0.29609.76
MinimumVisualStudioVersion = 10.0.40219.1
Project("{FAE04EC0-301F-11D3-BF4B-00C04F79EFBC}") = "Problema_1", "Problema\Problema_1.csproj", "{CC63C96F-F326-4DEB-A024-B858342B2806}"
EndProject
Project("{FAE04EC0-301F-11D3-BF4B-00C04F79EFBC}") = "Problema_2", "Problema_2\Problema_2.csproj", "{F1698B2A-DE43-4693-82BF-1879C2878E88}"
EndProject
Project("{FAE04EC0-301F-11D3-BF4B-00C04F79EFBC}") = "Problema_3", "Problema_3\Problema_3.csproj", "{7998B2E1-D639-4094-9952-ED5957206E43}"
EndProject
Project("{FAE04EC0-301F-11D3-BF4B-00C04F79EFBC}") = "Problema_4", "Problema_4\Problema_4.csproj", "{C52AE9E0-1958-4E58-92D2-1E55FCE985A5}"
EndProject
Project("{FAE04EC0-301F-11D3-BF4B-00C04F79EFBC}") = "Problema_5", "Problema_5\Problema_5.csproj", "{487E643D-F415-493B-A893-244021F5E875}"
EndProject
Project("{FAE04EC0-301F-11D3-BF4B-00C04F79EFBC}") = "Problema_6", "Problema_6\Problema_6.csproj", "{20B03534-128C-4A8B-B1EC-6443DE265DF4}"
EndProject
Project("{FAE04EC0-301F-11D3-BF4B-00C04F79EFBC}") = "Problema_7", "Problema_7\Problema_7.csproj", "{22813D34-9F38-4E99-8D26-FD1286AD72F2}"
EndProject
Project("{FAE04EC0-301F-11D3-BF4B-00C04F79EFBC}") = "Problema_8", "Problema_8\Problema_8.csproj", "{37ADE661-66A9-43FC-83F0-127D7631172D}"
EndProject
Project("{FAE04EC0-301F-11D3-BF4B-00C04F79EFBC}") = "Problema_9", "Problema_9\Problema_9.csproj", "{A6B468FB-F226-444A-9408-02E2478BDF40}"
EndProject
Project("{FAE04EC0-301F-11D3-BF4B-00C04F79EFBC}") = "Problema_10", "Problema_10\Problema_10.csproj", "{20C931FA-9EF8-4821-AEF1-1C9794B331A3}"
EndProject
Project("{9A19103F-16F7-4668-BE54-9A1E7A4F7556}") = "Problema_11", "Problema_11\Problema_11.csproj", "{780954C7-F48F-4FB3-8DDF-E585289FA6B6}"
EndProject
Project("{9A19103F-16F7-4668-BE54-9A1E7A4F7556}") = "Problema_12", "Problema_12\Problema_12.csproj", "{99715FD9-0477-48C7-830A-B4EEF5F9FA01}"
EndProject
Project("{9A19103F-16F7-4668-BE54-9A1E7A4F7556}") = "Problema_13", "Problema_13\Problema_13.csproj", "{E6D560FD-B678-4EB6-9B36-DD1D7B161C70}"
EndProject
Project("{9A19103F-16F7-4668-BE54-9A1E7A4F7556}") = "Problema_14", "Problema_14\Problema_14.csproj", "{15552B35-8BD8-44CE-9953-8080A7DF0025}"
EndProject
Project("{9A19103F-16F7-4668-BE54-9A1E7A4F7556}") = "Problema_15", "Problema_15\Problema_15.csproj", "{740D4092-F3EE-442D-9FCF-EB992AFB35A0}"
EndProject
Project("{9A19103F-16F7-4668-BE54-9A1E7A4F7556}") = "Problema_16", "Problema_16\Problema_16.csproj", "{51580BBE-6483-44DE-9664-60F56236DC8A}"
EndProject
Project("{9A19103F-16F7-4668-BE54-9A1E7A4F7556}") = "Problema_17", "Problema_17\Problema_17.csproj", "{66137F24-6705-44FC-925E-C07307E66D3E}"
EndProject
Project("{9A19103F-16F7-4668-BE54-9A1E7A4F7556}") = "Problema_18", "Problema_18\Problema_18.csproj", "{07C01CCB-8881-45B3-BC3D-EC4C872CE3F8}"
EndProject
Project("{9A19103F-16F7-4668-BE54-9A1E7A4F7556}") = "Problema_19", "Problema_19\Problema_19.csproj", "{0F61FE8D-184E-4DBB-AC95-AECA7C06B61D}"
EndProject
Project("{FAE04EC0-301F-11D3-BF4B-00C04F79EFBC}") = "Problema_20", "Problema_20\Problema_20.csproj", "{C889BA5B-6B21-469D-97DC-C3169F790C8C}"
EndProject
Project("{FAE04EC0-301F-11D3-BF4B-00C04F79EFBC}") = "Problema_21", "Problema_21\Problema_21.csproj", "{B39799A6-26B7-4CFE-BF86-B16B4511D357}"
EndProject
Project("{9A19103F-16F7-4668-BE54-9A1E7A4F7556}") = "Problema_22", "Problema_22\Problema_22.csproj", "{0B71F9D1-4ADD-4F37-AA3A-1C63BA5A229E}"
EndProject
Project("{9A19103F-16F7-4668-BE54-9A1E7A4F7556}") = "Problema_23", "Problema_23\Problema_23.csproj", "{7EDA1CA0-E77B-4954-A8ED-B004310E6E38}"
EndProject
Project("{9A19103F-16F7-4668-BE54-9A1E7A4F7556}") = "Problema_24", "Problema_24\Problema_24.csproj", "{362A05F8-274B-4E54-B639-7CA4EF860FCE}"
EndProject
Project("{9A19103F-16F7-4668-BE54-9A1E7A4F7556}") = "Problema_25", "Problema_25\Problema_25.csproj", "{88AB1BF4-AC61-401C-94EB-844D3FAD70FA}"
EndProject
Project("{9A19103F-16F7-4668-BE54-9A1E7A4F7556}") = "Problema_26", "Problema_26\Problema_26.csproj", "{AC153EEE-9138-472E-8172-4FC3F10A6D97}"
EndProject
Project("{FAE04EC0-301F-11D3-BF4B-00C04F79EFBC}") = "Problema_27", "Problema_27\Problema_27.csproj", "{11F84816-49A0-4508-A445-797262CC4401}"
EndProject
Global
	GlobalSection(SolutionConfigurationPlatforms) = preSolution
		Debug|Any CPU = Debug|Any CPU
		Release|Any CPU = Release|Any CPU
	EndGlobalSection
	GlobalSection(ProjectConfigurationPlatforms) = postSolution
		{CC63C96F-F326-4DEB-A024-B858342B2806}.Debug|Any CPU.ActiveCfg = Debug|Any CPU
		{CC63C96F-F326-4DEB-A024-B858342B2806}.Debug|Any CPU.Build.0 = Debug|Any CPU
		{CC63C96F-F326-4DEB-A024-B858342B2806}.Release|Any CPU.ActiveCfg = Release|Any CPU
		{CC63C96F-F326-4DEB-A024-B858342B2806}.Release|Any CPU.Build.0 = Release|Any CPU
		{F1698B2A-DE43-4693-82BF-1879C2878E88}.Debug|Any CPU.ActiveCfg = Debug|Any CPU
		{F1698B2A-DE43-4693-82BF-1879C2878E88}.Debug|Any CPU.Build.0 = Debug|Any CPU
		{F1698B2A-DE43-4693-82BF-1879C2878E88}.Release|Any CPU.ActiveCfg = Release|Any CPU
		{F1698B2A-DE43-4693-82BF-1879C2878E88}.Release|Any CPU.Build.0 = Release|Any CPU
		{7998B2E1-D639-4094-9952-ED5957206E43}.Debug|Any CPU.ActiveCfg = Debug|Any CPU
		{7998B2E1-D639-4094-9952-ED5957206E43}.Debug|Any CPU.Build.0 = Debug|Any CPU
		{7998B2E1-D639-4094-9952-ED5957206E43}.Release|Any CPU.ActiveCfg = Release|Any CPU
		{7998B2E1-D639-4094-9952-ED5957206E43}.Release|Any CPU.Build.0 = Release|Any CPU
		{C52AE9E0-1958-4E58-92D2-1E55FCE985A5}.Debug|Any CPU.ActiveCfg = Debug|Any CPU
		{C52AE9E0-1958-4E58-92D2-1E55FCE985A5}.Debug|Any CPU.Build.0 = Debug|Any CPU
		{C52AE9E0-1958-4E58-92D2-1E55FCE985A5}.Release|Any CPU.ActiveCfg = Release|Any CPU
		{C52AE9E0-1958-4E58-92D2-1E55FCE985A5}.Release|Any CPU.Build.0 = Release|Any CPU
		{487E643D-F415-493B-A893-244021F5E875}.Debug|Any CPU.ActiveCfg = Debug|Any CPU
		{487E643D-F415-493B-A893-244021F5E875}.Debug|Any CPU.Build.0 = Debug|Any CPU
		{487E643D-F415-493B-A893-244021F5E875}.Release|Any CPU.ActiveCfg = Release|Any CPU
		{487E643D-F415-493B-A893-244021F5E875}.Release|Any CPU.Build.0 = Release|Any CPU
		{20B03534-128C-4A8B-B1EC-6443DE265DF4}.Debug|Any CPU.ActiveCfg = Debug|Any CPU
		{20B03534-128C-4A8B-B1EC-6443DE265DF4}.Debug|Any CPU.Build.0 = Debug|Any CPU
		{20B03534-128C-4A8B-B1EC-6443DE265DF4}.Release|Any CPU.ActiveCfg = Release|Any CPU
		{20B03534-128C-4A8B-B1EC-6443DE265DF4}.Release|Any CPU.Build.0 = Release|Any CPU
		{22813D34-9F38-4E99-8D26-FD1286AD72F2}.Debug|Any CPU.ActiveCfg = Debug|Any CPU
		{22813D34-9F38-4E99-8D26-FD1286AD72F2}.Debug|Any CPU.Build.0 = Debug|Any CPU
		{22813D34-9F38-4E99-8D26-FD1286AD72F2}.Release|Any CPU.ActiveCfg = Release|Any CPU
		{22813D34-9F38-4E99-8D26-FD1286AD72F2}.Release|Any CPU.Build.0 = Release|Any CPU
		{37ADE661-66A9-43FC-83F0-127D7631172D}.Debug|Any CPU.ActiveCfg = Debug|Any CPU
		{37ADE661-66A9-43FC-83F0-127D7631172D}.Debug|Any CPU.Build.0 = Debug|Any CPU
		{37ADE661-66A9-43FC-83F0-127D7631172D}.Release|Any CPU.ActiveCfg = Release|Any CPU
		{37ADE661-66A9-43FC-83F0-127D7631172D}.Release|Any CPU.Build.0 = Release|Any CPU
		{A6B468FB-F226-444A-9408-02E2478BDF40}.Debug|Any CPU.ActiveCfg = Debug|Any CPU
		{A6B468FB-F226-444A-9408-02E2478BDF40}.Debug|Any CPU.Build.0 = Debug|Any CPU
		{A6B468FB-F226-444A-9408-02E2478BDF40}.Release|Any CPU.ActiveCfg = Release|Any CPU
		{A6B468FB-F226-444A-9408-02E2478BDF40}.Release|Any CPU.Build.0 = Release|Any CPU
		{20C931FA-9EF8-4821-AEF1-1C9794B331A3}.Debug|Any CPU.ActiveCfg = Debug|Any CPU
		{20C931FA-9EF8-4821-AEF1-1C9794B331A3}.Debug|Any CPU.Build.0 = Debug|Any CPU
		{20C931FA-9EF8-4821-AEF1-1C9794B331A3}.Release|Any CPU.ActiveCfg = Release|Any CPU
		{20C931FA-9EF8-4821-AEF1-1C9794B331A3}.Release|Any CPU.Build.0 = Release|Any CPU
		{780954C7-F48F-4FB3-8DDF-E585289FA6B6}.Debug|Any CPU.ActiveCfg = Debug|Any CPU
		{780954C7-F48F-4FB3-8DDF-E585289FA6B6}.Debug|Any CPU.Build.0 = Debug|Any CPU
		{780954C7-F48F-4FB3-8DDF-E585289FA6B6}.Release|Any CPU.ActiveCfg = Release|Any CPU
		{780954C7-F48F-4FB3-8DDF-E585289FA6B6}.Release|Any CPU.Build.0 = Release|Any CPU
		{99715FD9-0477-48C7-830A-B4EEF5F9FA01}.Debug|Any CPU.ActiveCfg = Debug|Any CPU
		{99715FD9-0477-48C7-830A-B4EEF5F9FA01}.Debug|Any CPU.Build.0 = Debug|Any CPU
		{99715FD9-0477-48C7-830A-B4EEF5F9FA01}.Release|Any CPU.ActiveCfg = Release|Any CPU
		{99715FD9-0477-48C7-830A-B4EEF5F9FA01}.Release|Any CPU.Build.0 = Release|Any CPU
		{E6D560FD-B678-4EB6-9B36-DD1D7B161C70}.Debug|Any CPU.ActiveCfg = Debug|Any CPU
		{E6D560FD-B678-4EB6-9B36-DD1D7B161C70}.Debug|Any CPU.Build.0 = Debug|Any CPU
		{E6D560FD-B678-4EB6-9B36-DD1D7B161C70}.Release|Any CPU.ActiveCfg = Release|Any CPU
		{E6D560FD-B678-4EB6-9B36-DD1D7B161C70}.Release|Any CPU.Build.0 = Release|Any CPU
		{15552B35-8BD8-44CE-9953-8080A7DF0025}.Debug|Any CPU.ActiveCfg = Debug|Any CPU
		{15552B35-8BD8-44CE-9953-8080A7DF0025}.Debug|Any CPU.Build.0 = Debug|Any CPU
		{15552B35-8BD8-44CE-9953-8080A7DF0025}.Release|Any CPU.ActiveCfg = Release|Any CPU
		{15552B35-8BD8-44CE-9953-8080A7DF0025}.Release|Any CPU.Build.0 = Release|Any CPU
		{740D4092-F3EE-442D-9FCF-EB992AFB35A0}.Debug|Any CPU.ActiveCfg = Debug|Any CPU
		{740D4092-F3EE-442D-9FCF-EB992AFB35A0}.Debug|Any CPU.Build.0 = Debug|Any CPU
		{740D4092-F3EE-442D-9FCF-EB992AFB35A0}.Release|Any CPU.ActiveCfg = Release|Any CPU
		{740D4092-F3EE-442D-9FCF-EB992AFB35A0}.Release|Any CPU.Build.0 = Release|Any CPU
		{51580BBE-6483-44DE-9664-60F56236DC8A}.Debug|Any CPU.ActiveCfg = Debug|Any CPU
		{51580BBE-6483-44DE-9664-60F56236DC8A}.Debug|Any CPU.Build.0 = Debug|Any CPU
		{51580BBE-6483-44DE-9664-60F56236DC8A}.Release|Any CPU.ActiveCfg = Release|Any CPU
		{51580BBE-6483-44DE-9664-60F56236DC8A}.Release|Any CPU.Build.0 = Release|Any CPU
		{66137F24-6705-44FC-925E-C07307E66D3E}.Debug|Any CPU.ActiveCfg = Debug|Any CPU
		{66137F24-6705-44FC-925E-C07307E66D3E}.Debug|Any CPU.Build.0 = Debug|Any CPU
		{66137F24-6705-44FC-925E-C07307E66D3E}.Release|Any CPU.ActiveCfg = Release|Any CPU
		{66137F24-6705-44FC-925E-C07307E66D3E}.Release|Any CPU.Build.0 = Release|Any CPU
		{07C01CCB-8881-45B3-BC3D-EC4C872CE3F8}.Debug|Any CPU.ActiveCfg = Debug|Any CPU
		{07C01CCB-8881-45B3-BC3D-EC4C872CE3F8}.Debug|Any CPU.Build.0 = Debug|Any CPU
		{07C01CCB-8881-45B3-BC3D-EC4C872CE3F8}.Release|Any CPU.ActiveCfg = Release|Any CPU
		{07C01CCB-8881-45B3-BC3D-EC4C872CE3F8}.Release|Any CPU.Build.0 = Release|Any CPU
		{0F61FE8D-184E-4DBB-AC95-AECA7C06B61D}.Debug|Any CPU.ActiveCfg = Debug|Any CPU
		{0F61FE8D-184E-4DBB-AC95-AECA7C06B61D}.Debug|Any CPU.Build.0 = Debug|Any CPU
		{0F61FE8D-184E-4DBB-AC95-AECA7C06B61D}.Release|Any CPU.ActiveCfg = Release|Any CPU
		{0F61FE8D-184E-4DBB-AC95-AECA7C06B61D}.Release|Any CPU.Build.0 = Release|Any CPU
		{C889BA5B-6B21-469D-97DC-C3169F790C8C}.Debug|Any CPU.ActiveCfg = Debug|Any CPU
		{C889BA5B-6B21-469D-97DC-C3169F790C8C}.Debug|Any CPU.Build.0 = Debug|Any CPU
		{C889BA5B-6B21-469D-97DC-C3169F790C8C}.Release|Any CPU.ActiveCfg = Release|Any CPU
		{C889BA5B-6B21-469D-97DC-C3169F790C8C}.Release|Any CPU.Build.0 = Release|Any CPU
		{B39799A6-26B7-4CFE-BF86-B16B4511D357}.Debug|Any CPU.ActiveCfg = Debug|Any CPU
		{B39799A6-26B7-4CFE-BF86-B16B4511D357}.Debug|Any CPU.Build.0 = Debug|Any CPU
		{B39799A6-26B7-4CFE-BF86-B16B4511D357}.Release|Any CPU.ActiveCfg = Release|Any CPU
		{B39799A6-26B7-4CFE-BF86-B16B4511D357}.Release|Any CPU.Build.0 = Release|Any CPU
		{0B71F9D1-4ADD-4F37-AA3A-1C63BA5A229E}.Debug|Any CPU.ActiveCfg = Debug|Any CPU
		{0B71F9D1-4ADD-4F37-AA3A-1C63BA5A229E}.Debug|Any CPU.Build.0 = Debug|Any CPU
		{0B71F9D1-4ADD-4F37-AA3A-1C63BA5A229E}.Release|Any CPU.ActiveCfg = Release|Any CPU
		{0B71F9D1-4ADD-4F37-AA3A-1C63BA5A229E}.Release|Any CPU.Build.0 = Release|Any CPU
		{7EDA1CA0-E77B-4954-A8ED-B004310E6E38}.Debug|Any CPU.ActiveCfg = Debug|Any CPU
		{7EDA1CA0-E77B-4954-A8ED-B004310E6E38}.Debug|Any CPU.Build.0 = Debug|Any CPU
		{7EDA1CA0-E77B-4954-A8ED-B004310E6E38}.Release|Any CPU.ActiveCfg = Release|Any CPU
		{7EDA1CA0-E77B-4954-A8ED-B004310E6E38}.Release|Any CPU.Build.0 = Release|Any CPU
		{362A05F8-274B-4E54-B639-7CA4EF860FCE}.Debug|Any CPU.ActiveCfg = Debug|Any CPU
		{362A05F8-274B-4E54-B639-7CA4EF860FCE}.Debug|Any CPU.Build.0 = Debug|Any CPU
		{362A05F8-274B-4E54-B639-7CA4EF860FCE}.Release|Any CPU.ActiveCfg = Release|Any CPU
		{362A05F8-274B-4E54-B639-7CA4EF860FCE}.Release|Any CPU.Build.0 = Release|Any CPU
		{88AB1BF4-AC61-401C-94EB-844D3FAD70FA}.Debug|Any CPU.ActiveCfg = Debug|Any CPU
		{88AB1BF4-AC61-401C-94EB-844D3FAD70FA}.Debug|Any CPU.Build.0 = Debug|Any CPU
		{88AB1BF4-AC61-401C-94EB-844D3FAD70FA}.Release|Any CPU.ActiveCfg = Release|Any CPU
		{88AB1BF4-AC61-401C-94EB-844D3FAD70FA}.Release|Any CPU.Build.0 = Release|Any CPU
		{AC153EEE-9138-472E-8172-4FC3F10A6D97}.Debug|Any CPU.ActiveCfg = Debug|Any CPU
		{AC153EEE-9138-472E-8172-4FC3F10A6D97}.Debug|Any CPU.Build.0 = Debug|Any CPU
		{AC153EEE-9138-472E-8172-4FC3F10A6D97}.Release|Any CPU.ActiveCfg = Release|Any CPU
		{AC153EEE-9138-472E-8172-4FC3F10A6D97}.Release|Any CPU.Build.0 = Release|Any CPU
		{11F84816-49A0-4508-A445-797262CC4401}.Debug|Any CPU.ActiveCfg = Debug|Any CPU
		{11F84816-49A0-4508-A445-797262CC4401}.Debug|Any CPU.Build.0 = Debug|Any CPU
		{11F84816-49A0-4508-A445-797262CC4401}.Release|Any CPU.ActiveCfg = Release|Any CPU
		{11F84816-49A0-4508-A445-797262CC4401}.Release|Any CPU.Build.0 = Release|Any CPU
	EndGlobalSection
	GlobalSection(SolutionProperties) = preSolution
		HideSolutionNode = FALSE
	EndGlobalSection
	GlobalSection(ExtensibilityGlobals) = postSolution
		SolutionGuid = {60022EDD-F7E4-4923-BDFD-CCAD769EF779}
	EndGlobalSection
EndGlobal
